
Microsoft Visual Studio Solution File, Format Version 12.00
# Visual Studio Version 17
VisualStudioVersion = 17.6.33829.357
MinimumVisualStudioVersion = 10.0.40219.1
Project("{FAE04EC0-301F-11D3-BF4B-00C04F79EFBC}") = "DateTimes", "DateTimes.csproj", "{21D56834-7273-4641-9BE1-4DC6AAC9A47F}"
EndProject
Global
	GlobalSection(SolutionConfigurationPlatforms) = preSolution
		Debug|Any CPU = Debug|Any CPU
		Release|Any CPU = Release|Any CPU
	EndGlobalSection
	GlobalSection(ProjectConfigurationPlatforms) = postSolution
		{21D56834-7273-4641-9BE1-4DC6AAC9A47F}.Debug|Any CPU.ActiveCfg = Debug|Any CPU
		{21D56834-7273-4641-9BE1-4DC6AAC9A47F}.Debug|Any CPU.Build.0 = Debug|Any CPU
		{21D56834-7273-4641-9BE1-4DC6AAC9A47F}.Release|Any CPU.ActiveCfg = Release|Any CPU
		{21D56834-7273-4641-9BE1-4DC6AAC9A47F}.Release|Any CPU.Build.0 = Release|Any CPU
	EndGlobalSection
	GlobalSection(SolutionProperties) = preSolution
		HideSolutionNode = FALSE
	EndGlobalSection
	GlobalSection(ExtensibilityGlobals) = postSolution
		SolutionGuid = {0A4274A8-8187-47C8-8606-80978226352F}
	EndGlobalSection
EndGlobal
