
Microsoft Visual Studio Solution File, Format Version 12.00
# Visual Studio Version 17
VisualStudioVersion = 17.6.33829.357
MinimumVisualStudioVersion = 10.0.40219.1
Project("{FAE04EC0-301F-11D3-BF4B-00C04F79EFBC}") = "OOP2", "OOP2.csproj", "{0E302955-7494-4EB7-B370-3F842C6280D6}"
EndProject
Global
	GlobalSection(SolutionConfigurationPlatforms) = preSolution
		Debug|Any CPU = Debug|Any CPU
		Release|Any CPU = Release|Any CPU
	EndGlobalSection
	GlobalSection(ProjectConfigurationPlatforms) = postSolution
		{0E302955-7494-4EB7-B370-3F842C6280D6}.Debug|Any CPU.ActiveCfg = Debug|Any CPU
		{0E302955-7494-4EB7-B370-3F842C6280D6}.Debug|Any CPU.Build.0 = Debug|Any CPU
		{0E302955-7494-4EB7-B370-3F842C6280D6}.Release|Any CPU.ActiveCfg = Release|Any CPU
		{0E302955-7494-4EB7-B370-3F842C6280D6}.Release|Any CPU.Build.0 = Release|Any CPU
	EndGlobalSection
	GlobalSection(SolutionProperties) = preSolution
		HideSolutionNode = FALSE
	EndGlobalSection
	GlobalSection(ExtensibilityGlobals) = postSolution
		SolutionGuid = {46AD0024-0ED0-4F20-A4BA-3B4782AC2D15}
	EndGlobalSection
EndGlobal
